
Microsoft Visual Studio Solution File, Format Version 12.00
# Visual Studio Version 17
VisualStudioVersion = 17.8.34330.188
MinimumVisualStudioVersion = 10.0.40219.1
Project("{FAE04EC0-301F-11D3-BF4B-00C04F79EFBC}") = "3Dmigoto-Sword-GUI", "3Dmigoto-Sword-GUI.csproj", "{C513AFE4-BEEE-4AA1-9727-1CDA9BB51058}"
EndProject
Global
	GlobalSection(SolutionConfigurationPlatforms) = preSolution
		Debug|Any CPU = Debug|Any CPU
		Release|Any CPU = Release|Any CPU
	EndGlobalSection
	GlobalSection(ProjectConfigurationPlatforms) = postSolution
		{C513AFE4-BEEE-4AA1-9727-1CDA9BB51058}.Debug|Any CPU.ActiveCfg = Debug|Any CPU
		{C513AFE4-BEEE-4AA1-9727-1CDA9BB51058}.Debug|Any CPU.Build.0 = Debug|Any CPU
		{C513AFE4-BEEE-4AA1-9727-1CDA9BB51058}.Release|Any CPU.ActiveCfg = Release|Any CPU
		{C513AFE4-BEEE-4AA1-9727-1CDA9BB51058}.Release|Any CPU.Build.0 = Release|Any CPU
	EndGlobalSection
	GlobalSection(SolutionProperties) = preSolution
		HideSolutionNode = FALSE
	EndGlobalSection
	GlobalSection(ExtensibilityGlobals) = postSolution
		SolutionGuid = {8EB91900-2FB6-43D5-9D8D-E49858BA8584}
	EndGlobalSection
EndGlobal
